# Generated by pip-tools 7.6.0 from pyproject.toml's test extra.
# Regenerate with: python tools/check_dev_lock.py --write

attrs==26.1.0
    # via
    #   jsonschema
    #   referencing
chardet==7.6.0
    # via diff-cover
coverage==7.15.4
    # via pytest-cov
diff-cover==10.4.1
    # via graphblocks (pyproject.toml)
github-slugger==0.0.3
    # via graphblocks (pyproject.toml)
hypothesis==6.165.9
    # via graphblocks (pyproject.toml)
iniconfig==2.3.0
    # via pytest
jinja2==3.1.6
    # via diff-cover
jsonschema==4.26.0
    # via graphblocks (pyproject.toml)
jsonschema-specifications==2025.9.1
    # via jsonschema
librt==0.15.0
    # via mypy
markdown-it-py==4.2.0
    # via graphblocks (pyproject.toml)
markupsafe==3.0.3
    # via jinja2
mdurl==0.1.2
    # via markdown-it-py
mypy==1.20.2
    # via graphblocks (pyproject.toml)
mypy-extensions==1.1.0
    # via mypy
packaging==26.3
    # via
    #   graphblocks (pyproject.toml)
    #   pytest
pathspec==1.1.1
    # via mypy
pluggy==1.6.0
    # via
    #   diff-cover
    #   pytest
    #   pytest-cov
pygments==2.20.0
    # via
    #   diff-cover
    #   pytest
pytest==9.1.1
    # via
    #   graphblocks (pyproject.toml)
    #   pytest-cov
pytest-cov==7.1.0
    # via graphblocks (pyproject.toml)
pyyaml==6.0.3
    # via graphblocks (pyproject.toml)
referencing==0.37.0
    # via
    #   graphblocks (pyproject.toml)
    #   jsonschema
    #   jsonschema-specifications
rpds-py==2026.6.3
    # via
    #   jsonschema
    #   referencing
ruff==0.15.22
    # via graphblocks (pyproject.toml)
sortedcontainers==2.4.0
    # via hypothesis
typing-extensions==4.16.0
    # via
    #   mypy
    #   referencing
